
Microsoft Visual Studio Solution File, Format Version 12.00
# Visual Studio Version 17
VisualStudioVersion = 17.6.33723.286
MinimumVisualStudioVersion = 10.0.40219.1
Project("{FAE04EC0-301F-11D3-BF4B-00C04F79EFBC}") = "CopyVoice", "CopyVoice\CopyVoice.csproj", "{76D41D77-82A2-427C-92E2-D7FBA5E47240}"
EndProject
Global
	GlobalSection(SolutionConfigurationPlatforms) = preSolution
		Debug|Any CPU = Debug|Any CPU
		Release|Any CPU = Release|Any CPU
	EndGlobalSection
	GlobalSection(ProjectConfigurationPlatforms) = postSolution
		{76D41D77-82A2-427C-92E2-D7FBA5E47240}.Debug|Any CPU.ActiveCfg = Debug|Any CPU
		{76D41D77-82A2-427C-92E2-D7FBA5E47240}.Debug|Any CPU.Build.0 = Debug|Any CPU
		{76D41D77-82A2-427C-92E2-D7FBA5E47240}.Release|Any CPU.ActiveCfg = Release|Any CPU
		{76D41D77-82A2-427C-92E2-D7FBA5E47240}.Release|Any CPU.Build.0 = Release|Any CPU
	EndGlobalSection
	GlobalSection(SolutionProperties) = preSolution
		HideSolutionNode = FALSE
	EndGlobalSection
	GlobalSection(ExtensibilityGlobals) = postSolution
		SolutionGuid = {CD72D498-354C-4499-8FEA-A759DEE7F3B4}
	EndGlobalSection
EndGlobal
